
Microsoft Visual Studio Solution File, Format Version 12.00
# Visual Studio Version 16
VisualStudioVersion = 16.0.30413.136
MinimumVisualStudioVersion = 10.0.40219.1
Project("{FAE04EC0-301F-11D3-BF4B-00C04F79EFBC}") = "RPDemoApp", "RPDemoApp\RPDemoApp.csproj", "{E173D3CA-369F-4010-8923-0B453E975AEA}"
EndProject
Global
	GlobalSection(SolutionConfigurationPlatforms) = preSolution
		Debug|Any CPU = Debug|Any CPU
		Release|Any CPU = Release|Any CPU
	EndGlobalSection
	GlobalSection(ProjectConfigurationPlatforms) = postSolution
		{E173D3CA-369F-4010-8923-0B453E975AEA}.Debug|Any CPU.ActiveCfg = Debug|Any CPU
		{E173D3CA-369F-4010-8923-0B453E975AEA}.Debug|Any CPU.Build.0 = Debug|Any CPU
		{E173D3CA-369F-4010-8923-0B453E975AEA}.Release|Any CPU.ActiveCfg = Release|Any CPU
		{E173D3CA-369F-4010-8923-0B453E975AEA}.Release|Any CPU.Build.0 = Release|Any CPU
	EndGlobalSection
	GlobalSection(SolutionProperties) = preSolution
		HideSolutionNode = FALSE
	EndGlobalSection
	GlobalSection(ExtensibilityGlobals) = postSolution
		SolutionGuid = {48CC5ED5-A51A-4484-A1D3-33EF4A414C8B}
	EndGlobalSection
EndGlobal
