
Microsoft Visual Studio Solution File, Format Version 12.00
# Visual Studio Version 16
VisualStudioVersion = 16.0.30413.136
MinimumVisualStudioVersion = 10.0.40219.1
Project("{FAE04EC0-301F-11D3-BF4B-00C04F79EFBC}") = "MVCDemoApp", "MVCDemoApp\MVCDemoApp.csproj", "{A19C2906-1193-4A26-AF11-D004D72FA94D}"
EndProject
Global
	GlobalSection(SolutionConfigurationPlatforms) = preSolution
		Debug|Any CPU = Debug|Any CPU
		Release|Any CPU = Release|Any CPU
	EndGlobalSection
	GlobalSection(ProjectConfigurationPlatforms) = postSolution
		{A19C2906-1193-4A26-AF11-D004D72FA94D}.Debug|Any CPU.ActiveCfg = Debug|Any CPU
		{A19C2906-1193-4A26-AF11-D004D72FA94D}.Debug|Any CPU.Build.0 = Debug|Any CPU
		{A19C2906-1193-4A26-AF11-D004D72FA94D}.Release|Any CPU.ActiveCfg = Release|Any CPU
		{A19C2906-1193-4A26-AF11-D004D72FA94D}.Release|Any CPU.Build.0 = Release|Any CPU
	EndGlobalSection
	GlobalSection(SolutionProperties) = preSolution
		HideSolutionNode = FALSE
	EndGlobalSection
	GlobalSection(ExtensibilityGlobals) = postSolution
		SolutionGuid = {071915E5-14C7-4DBC-A3D3-7D498E65F8AA}
	EndGlobalSection
EndGlobal
