
Microsoft Visual Studio Solution File, Format Version 12.00
# Visual Studio Version 16
VisualStudioVersion = 16.0.30413.136
MinimumVisualStudioVersion = 10.0.40219.1
Project("{9A19103F-16F7-4668-BE54-9A1E7A4F7556}") = "RazorPages", "RazorPages\RazorPages.csproj", "{AB1BA679-FD88-4465-BCC5-F57101AFC3EE}"
EndProject
Project("{9A19103F-16F7-4668-BE54-9A1E7A4F7556}") = "MVC", "MVC\MVC.csproj", "{3996B36D-00F9-4A95-9F25-DA1270C6AC93}"
EndProject
Project("{9A19103F-16F7-4668-BE54-9A1E7A4F7556}") = "API", "API\API.csproj", "{4D1B02A8-B14A-440B-9898-B9B322829583}"
EndProject
Project("{9A19103F-16F7-4668-BE54-9A1E7A4F7556}") = "BlazorServer", "BlazorServer\BlazorServer.csproj", "{C3F7B95D-1D35-46FF-9631-AF83B92189B6}"
EndProject
Project("{FAE04EC0-301F-11D3-BF4B-00C04F79EFBC}") = "BlazorClient", "BlazorClient\BlazorClient.csproj", "{3E57B3CC-3F72-40C9-AA62-65D74CE86335}"
EndProject
Global
	GlobalSection(SolutionConfigurationPlatforms) = preSolution
		Debug|Any CPU = Debug|Any CPU
		Release|Any CPU = Release|Any CPU
	EndGlobalSection
	GlobalSection(ProjectConfigurationPlatforms) = postSolution
		{AB1BA679-FD88-4465-BCC5-F57101AFC3EE}.Debug|Any CPU.ActiveCfg = Debug|Any CPU
		{AB1BA679-FD88-4465-BCC5-F57101AFC3EE}.Debug|Any CPU.Build.0 = Debug|Any CPU
		{AB1BA679-FD88-4465-BCC5-F57101AFC3EE}.Release|Any CPU.ActiveCfg = Release|Any CPU
		{AB1BA679-FD88-4465-BCC5-F57101AFC3EE}.Release|Any CPU.Build.0 = Release|Any CPU
		{3996B36D-00F9-4A95-9F25-DA1270C6AC93}.Debug|Any CPU.ActiveCfg = Debug|Any CPU
		{3996B36D-00F9-4A95-9F25-DA1270C6AC93}.Debug|Any CPU.Build.0 = Debug|Any CPU
		{3996B36D-00F9-4A95-9F25-DA1270C6AC93}.Release|Any CPU.ActiveCfg = Release|Any CPU
		{3996B36D-00F9-4A95-9F25-DA1270C6AC93}.Release|Any CPU.Build.0 = Release|Any CPU
		{4D1B02A8-B14A-440B-9898-B9B322829583}.Debug|Any CPU.ActiveCfg = Debug|Any CPU
		{4D1B02A8-B14A-440B-9898-B9B322829583}.Debug|Any CPU.Build.0 = Debug|Any CPU
		{4D1B02A8-B14A-440B-9898-B9B322829583}.Release|Any CPU.ActiveCfg = Release|Any CPU
		{4D1B02A8-B14A-440B-9898-B9B322829583}.Release|Any CPU.Build.0 = Release|Any CPU
		{C3F7B95D-1D35-46FF-9631-AF83B92189B6}.Debug|Any CPU.ActiveCfg = Debug|Any CPU
		{C3F7B95D-1D35-46FF-9631-AF83B92189B6}.Debug|Any CPU.Build.0 = Debug|Any CPU
		{C3F7B95D-1D35-46FF-9631-AF83B92189B6}.Release|Any CPU.ActiveCfg = Release|Any CPU
		{C3F7B95D-1D35-46FF-9631-AF83B92189B6}.Release|Any CPU.Build.0 = Release|Any CPU
		{3E57B3CC-3F72-40C9-AA62-65D74CE86335}.Debug|Any CPU.ActiveCfg = Debug|Any CPU
		{3E57B3CC-3F72-40C9-AA62-65D74CE86335}.Debug|Any CPU.Build.0 = Debug|Any CPU
		{3E57B3CC-3F72-40C9-AA62-65D74CE86335}.Release|Any CPU.ActiveCfg = Release|Any CPU
		{3E57B3CC-3F72-40C9-AA62-65D74CE86335}.Release|Any CPU.Build.0 = Release|Any CPU
	EndGlobalSection
	GlobalSection(SolutionProperties) = preSolution
		HideSolutionNode = FALSE
	EndGlobalSection
	GlobalSection(ExtensibilityGlobals) = postSolution
		SolutionGuid = {7CC17839-79D4-4C0A-807A-391C3590B6CE}
	EndGlobalSection
EndGlobal
