
Microsoft Visual Studio Solution File, Format Version 12.00
# Visual Studio Version 16
VisualStudioVersion = 16.0.30413.136
MinimumVisualStudioVersion = 10.0.40219.1
Project("{00D1A9C2-B5F0-4AF3-8072-F6C62B433612}") = "TimsDinerDB", "TimsDinerDB\TimsDinerDB.sqlproj", "{4AA42108-7154-4824-9EB7-C11EDAFCF39B}"
EndProject
Global
	GlobalSection(SolutionConfigurationPlatforms) = preSolution
		Debug|Any CPU = Debug|Any CPU
		Release|Any CPU = Release|Any CPU
	EndGlobalSection
	GlobalSection(ProjectConfigurationPlatforms) = postSolution
		{4AA42108-7154-4824-9EB7-C11EDAFCF39B}.Debug|Any CPU.ActiveCfg = Debug|Any CPU
		{4AA42108-7154-4824-9EB7-C11EDAFCF39B}.Debug|Any CPU.Build.0 = Debug|Any CPU
		{4AA42108-7154-4824-9EB7-C11EDAFCF39B}.Debug|Any CPU.Deploy.0 = Debug|Any CPU
		{4AA42108-7154-4824-9EB7-C11EDAFCF39B}.Release|Any CPU.ActiveCfg = Release|Any CPU
		{4AA42108-7154-4824-9EB7-C11EDAFCF39B}.Release|Any CPU.Build.0 = Release|Any CPU
		{4AA42108-7154-4824-9EB7-C11EDAFCF39B}.Release|Any CPU.Deploy.0 = Release|Any CPU
	EndGlobalSection
	GlobalSection(SolutionProperties) = preSolution
		HideSolutionNode = FALSE
	EndGlobalSection
	GlobalSection(ExtensibilityGlobals) = postSolution
		SolutionGuid = {7BA28BBC-A0AC-4F28-802C-6BE291879A35}
	EndGlobalSection
EndGlobal
